
Microsoft Visual Studio Solution File, Format Version 12.00
# Visual Studio 15
Project("{FAE04EC0-301F-11D3-BF4B-00C04F79EFBC}") = "Assembly-CSharp", "Assembly-CSharp.csproj", "{63D387DC-2528-11F0-459F-5E79F5D699A4}"
EndProject
Project("{FAE04EC0-301F-11D3-BF4B-00C04F79EFBC}") = "Polyperfect.Animals", "Polyperfect.Animals.csproj", "{D6260848-84ED-3BDE-06D4-622DF86744FF}"
EndProject
Project("{FAE04EC0-301F-11D3-BF4B-00C04F79EFBC}") = "Polyperfect.Common", "Polyperfect.Common.csproj", "{AF57F7BB-43FC-D2D3-E2F6-2DA85646D9ED}"
EndProject
Project("{FAE04EC0-301F-11D3-BF4B-00C04F79EFBC}") = "GrabbitAssembly", "GrabbitAssembly.csproj", "{3FEB7007-3A2F-6430-F48B-CDE874E73CF7}"
EndProject
Project("{FAE04EC0-301F-11D3-BF4B-00C04F79EFBC}") = "vhacd", "vhacd.csproj", "{95666F84-1254-BBE6-4C6F-4F294F1BAAA2}"
EndProject
Project("{FAE04EC0-301F-11D3-BF4B-00C04F79EFBC}") = "Assembly-CSharp-Editor", "Assembly-CSharp-Editor.csproj", "{EEC8C285-0D44-571F-B724-5839A13089FD}"
EndProject
Global
	GlobalSection(SolutionConfigurationPlatforms) = preSolution
		Debug|Any CPU = Debug|Any CPU
		Release|Any CPU = Release|Any CPU
	EndGlobalSection
	GlobalSection(ProjectConfigurationPlatforms) = postSolution
		{63D387DC-2528-11F0-459F-5E79F5D699A4}.Debug|Any CPU.ActiveCfg = Debug|Any CPU
		{63D387DC-2528-11F0-459F-5E79F5D699A4}.Debug|Any CPU.Build.0 = Debug|Any CPU
		{63D387DC-2528-11F0-459F-5E79F5D699A4}.Release|Any CPU.ActiveCfg = Release|Any CPU
		{63D387DC-2528-11F0-459F-5E79F5D699A4}.Release|Any CPU.Build.0 = Release|Any CPU
		{D6260848-84ED-3BDE-06D4-622DF86744FF}.Debug|Any CPU.ActiveCfg = Debug|Any CPU
		{D6260848-84ED-3BDE-06D4-622DF86744FF}.Debug|Any CPU.Build.0 = Debug|Any CPU
		{D6260848-84ED-3BDE-06D4-622DF86744FF}.Release|Any CPU.ActiveCfg = Release|Any CPU
		{D6260848-84ED-3BDE-06D4-622DF86744FF}.Release|Any CPU.Build.0 = Release|Any CPU
		{AF57F7BB-43FC-D2D3-E2F6-2DA85646D9ED}.Debug|Any CPU.ActiveCfg = Debug|Any CPU
		{AF57F7BB-43FC-D2D3-E2F6-2DA85646D9ED}.Debug|Any CPU.Build.0 = Debug|Any CPU
		{AF57F7BB-43FC-D2D3-E2F6-2DA85646D9ED}.Release|Any CPU.ActiveCfg = Release|Any CPU
		{AF57F7BB-43FC-D2D3-E2F6-2DA85646D9ED}.Release|Any CPU.Build.0 = Release|Any CPU
		{3FEB7007-3A2F-6430-F48B-CDE874E73CF7}.Debug|Any CPU.ActiveCfg = Debug|Any CPU
		{3FEB7007-3A2F-6430-F48B-CDE874E73CF7}.Debug|Any CPU.Build.0 = Debug|Any CPU
		{3FEB7007-3A2F-6430-F48B-CDE874E73CF7}.Release|Any CPU.ActiveCfg = Release|Any CPU
		{3FEB7007-3A2F-6430-F48B-CDE874E73CF7}.Release|Any CPU.Build.0 = Release|Any CPU
		{95666F84-1254-BBE6-4C6F-4F294F1BAAA2}.Debug|Any CPU.ActiveCfg = Debug|Any CPU
		{95666F84-1254-BBE6-4C6F-4F294F1BAAA2}.Debug|Any CPU.Build.0 = Debug|Any CPU
		{95666F84-1254-BBE6-4C6F-4F294F1BAAA2}.Release|Any CPU.ActiveCfg = Release|Any CPU
		{95666F84-1254-BBE6-4C6F-4F294F1BAAA2}.Release|Any CPU.Build.0 = Release|Any CPU
		{EEC8C285-0D44-571F-B724-5839A13089FD}.Debug|Any CPU.ActiveCfg = Debug|Any CPU
		{EEC8C285-0D44-571F-B724-5839A13089FD}.Debug|Any CPU.Build.0 = Debug|Any CPU
		{EEC8C285-0D44-571F-B724-5839A13089FD}.Release|Any CPU.ActiveCfg = Release|Any CPU
		{EEC8C285-0D44-571F-B724-5839A13089FD}.Release|Any CPU.Build.0 = Release|Any CPU
	EndGlobalSection
	GlobalSection(SolutionProperties) = preSolution
		HideSolutionNode = FALSE
	EndGlobalSection
EndGlobal
